
Microsoft Visual Studio Solution File, Format Version 12.00
Project("{2150E333-8FDC-42A3-9474-1A3956D46DE8}") = "common", "common", "{ED7A8E1B-DEA6-45ED-BD76-7996B76EF3BC}"
ProjectSection(SolutionItems) = preProject
	.gitignore = .gitignore
	README.md = README.md
	LICENSE = LICENSE
	common.props = common.props
	.dockerignore = .dockerignore
EndProjectSection
EndProject
Project("{2150E333-8FDC-42A3-9474-1A3956D46DE8}") = "modules", "modules", "{242D1C9F-ADE6-4B87-B0F3-DA18742937FA}"
EndProject
Project("{2150E333-8FDC-42A3-9474-1A3956D46DE8}") = "Account", "Account", "{294BC549-B75B-4714-93A6-A084826715E2}"
EndProject
Project("{FAE04EC0-301F-11D3-BF4B-00C04F79EFBC}") = "J3space.Abp.Account.Web", "modules\Account\J3space.Abp.Account.Web\J3space.Abp.Account.Web.csproj", "{19003593-6A06-4926-8440-E41E74C219F2}"
EndProject
Project("{2150E333-8FDC-42A3-9474-1A3956D46DE8}") = "IdentityServer", "IdentityServer", "{E1B8BF70-4D93-46C9-B333-F54803D5D939}"
EndProject
Project("{2150E333-8FDC-42A3-9474-1A3956D46DE8}") = "src", "src", "{B9C7360B-0218-4D5B-B4E5-BF46B07C8F1F}"
EndProject
Project("{FAE04EC0-301F-11D3-BF4B-00C04F79EFBC}") = "J3space.Abp.IdentityServer.Application", "modules\IdentityServer\src\J3space.Abp.IdentityServer.Application\J3space.Abp.IdentityServer.Application.csproj", "{DFC84ADE-A327-407F-ADBA-EDEB59FE1AEC}"
EndProject
Project("{FAE04EC0-301F-11D3-BF4B-00C04F79EFBC}") = "J3space.Abp.IdentityServer.Application.Contracts", "modules\IdentityServer\src\J3space.Abp.IdentityServer.Application.Contracts\J3space.Abp.IdentityServer.Application.Contracts.csproj", "{BE970C73-A140-4934-822D-9FDBFE07D189}"
EndProject
Project("{FAE04EC0-301F-11D3-BF4B-00C04F79EFBC}") = "J3space.Abp.IdentityServer.HttpApi", "modules\IdentityServer\src\J3space.Abp.IdentityServer.HttpApi\J3space.Abp.IdentityServer.HttpApi.csproj", "{4ADC1EB1-CAAF-4E49-AA2D-F4A67BCB8D14}"
EndProject
Project("{FAE04EC0-301F-11D3-BF4B-00C04F79EFBC}") = "J3space.Abp.IdentityServer.HttpApi.Client", "modules\IdentityServer\src\J3space.Abp.IdentityServer.HttpApi.Client\J3space.Abp.IdentityServer.HttpApi.Client.csproj", "{FEB3D872-801A-4DD2-8D4B-DDCF9D0620AB}"
EndProject
Project("{FAE04EC0-301F-11D3-BF4B-00C04F79EFBC}") = "J3space.Abp.IdentityServer.Web", "modules\IdentityServer\src\J3space.Abp.IdentityServer.Web\J3space.Abp.IdentityServer.Web.csproj", "{90A2F3CD-84AE-4E6F-91D7-006D905B7ABB}"
EndProject
Project("{2150E333-8FDC-42A3-9474-1A3956D46DE8}") = "test", "test", "{FF2A8839-0C21-4E7E-A0A8-9922F1D5FD67}"
EndProject
Project("{FAE04EC0-301F-11D3-BF4B-00C04F79EFBC}") = "J3space.Abp.IdentityServer.TestBase", "modules\IdentityServer\test\J3space.Abp.IdentityServer.TestBase\J3space.Abp.IdentityServer.TestBase.csproj", "{1E76CFC2-CF3B-428B-9997-ABE5B2B7A7CF}"
EndProject
Project("{FAE04EC0-301F-11D3-BF4B-00C04F79EFBC}") = "J3space.Abp.IdentityServer.Application.Test", "modules\IdentityServer\test\J3space.Abp.IdentityServer.Application.Test\J3space.Abp.IdentityServer.Application.Test.csproj", "{19DCBE68-B65E-4FB0-BA71-647CDFB78CA0}"
EndProject
Project("{2150E333-8FDC-42A3-9474-1A3956D46DE8}") = "SettingManagement", "SettingManagement", "{2A3DFA0C-A7BD-4052-BD41-4FB833A79AB4}"
EndProject
Project("{2150E333-8FDC-42A3-9474-1A3956D46DE8}") = "src", "src", "{175DEFBD-F98B-49F6-A91A-45C88BF7BBD5}"
EndProject
Project("{FAE04EC0-301F-11D3-BF4B-00C04F79EFBC}") = "J3space.Abp.SettingManagement.Application.Contracts", "modules\SettingManagement\src\J3space.Abp.SettingManagement.Application.Contracts\J3space.Abp.SettingManagement.Application.Contracts.csproj", "{26A39829-D00F-4804-B0E1-757761DEFAFC}"
EndProject
Project("{FAE04EC0-301F-11D3-BF4B-00C04F79EFBC}") = "J3space.Abp.SettingManagement.Application", "modules\SettingManagement\src\J3space.Abp.SettingManagement.Application\J3space.Abp.SettingManagement.Application.csproj", "{3DDFDF69-DDA7-4577-A66E-750B00ABBDEE}"
EndProject
Project("{FAE04EC0-301F-11D3-BF4B-00C04F79EFBC}") = "J3space.Abp.SettingManagement.HttpApi", "modules\SettingManagement\src\J3space.Abp.SettingManagement.HttpApi\J3space.Abp.SettingManagement.HttpApi.csproj", "{55F56FC2-580D-4DA7-A5BF-0C6CCDB856A8}"
EndProject
Project("{FAE04EC0-301F-11D3-BF4B-00C04F79EFBC}") = "J3space.Abp.SettingManagement.HttpApi.Client", "modules\SettingManagement\src\J3space.Abp.SettingManagement.HttpApi.Client\J3space.Abp.SettingManagement.HttpApi.Client.csproj", "{A59FDD53-7719-40D5-B74F-614BDC74C666}"
EndProject
Project("{2150E333-8FDC-42A3-9474-1A3956D46DE8}") = "test", "test", "{7241D649-ECEF-4829-AFE4-428FFD6715EC}"
EndProject
Project("{FAE04EC0-301F-11D3-BF4B-00C04F79EFBC}") = "J3space.Abp.SettingManagement.TestBase", "modules\SettingManagement\test\J3space.Abp.SettingManagement.TestBase\J3space.Abp.SettingManagement.TestBase.csproj", "{5912F2D3-DA4E-4117-8167-4A5443A028B4}"
EndProject
Project("{FAE04EC0-301F-11D3-BF4B-00C04F79EFBC}") = "J3space.Abp.SettingManagement.Application.Test", "modules\SettingManagement\test\J3space.Abp.SettingManagement.Application.Test\J3space.Abp.SettingManagement.Application.Test.csproj", "{1D0EA3FB-C3DF-42FA-BB9F-CA83FD9E7126}"
EndProject
Global
	GlobalSection(SolutionConfigurationPlatforms) = preSolution
		Debug|Any CPU = Debug|Any CPU
		Release|Any CPU = Release|Any CPU
	EndGlobalSection
	GlobalSection(NestedProjects) = preSolution
		{294BC549-B75B-4714-93A6-A084826715E2} = {242D1C9F-ADE6-4B87-B0F3-DA18742937FA}
		{19003593-6A06-4926-8440-E41E74C219F2} = {294BC549-B75B-4714-93A6-A084826715E2}
		{E1B8BF70-4D93-46C9-B333-F54803D5D939} = {242D1C9F-ADE6-4B87-B0F3-DA18742937FA}
		{B9C7360B-0218-4D5B-B4E5-BF46B07C8F1F} = {E1B8BF70-4D93-46C9-B333-F54803D5D939}
		{DFC84ADE-A327-407F-ADBA-EDEB59FE1AEC} = {B9C7360B-0218-4D5B-B4E5-BF46B07C8F1F}
		{BE970C73-A140-4934-822D-9FDBFE07D189} = {B9C7360B-0218-4D5B-B4E5-BF46B07C8F1F}
		{4ADC1EB1-CAAF-4E49-AA2D-F4A67BCB8D14} = {B9C7360B-0218-4D5B-B4E5-BF46B07C8F1F}
		{FEB3D872-801A-4DD2-8D4B-DDCF9D0620AB} = {B9C7360B-0218-4D5B-B4E5-BF46B07C8F1F}
		{90A2F3CD-84AE-4E6F-91D7-006D905B7ABB} = {B9C7360B-0218-4D5B-B4E5-BF46B07C8F1F}
		{FF2A8839-0C21-4E7E-A0A8-9922F1D5FD67} = {E1B8BF70-4D93-46C9-B333-F54803D5D939}
		{1E76CFC2-CF3B-428B-9997-ABE5B2B7A7CF} = {FF2A8839-0C21-4E7E-A0A8-9922F1D5FD67}
		{19DCBE68-B65E-4FB0-BA71-647CDFB78CA0} = {FF2A8839-0C21-4E7E-A0A8-9922F1D5FD67}
		{2A3DFA0C-A7BD-4052-BD41-4FB833A79AB4} = {242D1C9F-ADE6-4B87-B0F3-DA18742937FA}
		{175DEFBD-F98B-49F6-A91A-45C88BF7BBD5} = {2A3DFA0C-A7BD-4052-BD41-4FB833A79AB4}
		{26A39829-D00F-4804-B0E1-757761DEFAFC} = {175DEFBD-F98B-49F6-A91A-45C88BF7BBD5}
		{3DDFDF69-DDA7-4577-A66E-750B00ABBDEE} = {175DEFBD-F98B-49F6-A91A-45C88BF7BBD5}
		{55F56FC2-580D-4DA7-A5BF-0C6CCDB856A8} = {175DEFBD-F98B-49F6-A91A-45C88BF7BBD5}
		{A59FDD53-7719-40D5-B74F-614BDC74C666} = {175DEFBD-F98B-49F6-A91A-45C88BF7BBD5}
		{7241D649-ECEF-4829-AFE4-428FFD6715EC} = {2A3DFA0C-A7BD-4052-BD41-4FB833A79AB4}
		{5912F2D3-DA4E-4117-8167-4A5443A028B4} = {7241D649-ECEF-4829-AFE4-428FFD6715EC}
		{1D0EA3FB-C3DF-42FA-BB9F-CA83FD9E7126} = {7241D649-ECEF-4829-AFE4-428FFD6715EC}
	EndGlobalSection
	GlobalSection(ProjectConfigurationPlatforms) = postSolution
		{19003593-6A06-4926-8440-E41E74C219F2}.Debug|Any CPU.ActiveCfg = Debug|Any CPU
		{19003593-6A06-4926-8440-E41E74C219F2}.Debug|Any CPU.Build.0 = Debug|Any CPU
		{19003593-6A06-4926-8440-E41E74C219F2}.Release|Any CPU.ActiveCfg = Release|Any CPU
		{19003593-6A06-4926-8440-E41E74C219F2}.Release|Any CPU.Build.0 = Release|Any CPU
		{DFC84ADE-A327-407F-ADBA-EDEB59FE1AEC}.Debug|Any CPU.ActiveCfg = Debug|Any CPU
		{DFC84ADE-A327-407F-ADBA-EDEB59FE1AEC}.Debug|Any CPU.Build.0 = Debug|Any CPU
		{DFC84ADE-A327-407F-ADBA-EDEB59FE1AEC}.Release|Any CPU.ActiveCfg = Release|Any CPU
		{DFC84ADE-A327-407F-ADBA-EDEB59FE1AEC}.Release|Any CPU.Build.0 = Release|Any CPU
		{BE970C73-A140-4934-822D-9FDBFE07D189}.Debug|Any CPU.ActiveCfg = Debug|Any CPU
		{BE970C73-A140-4934-822D-9FDBFE07D189}.Debug|Any CPU.Build.0 = Debug|Any CPU
		{BE970C73-A140-4934-822D-9FDBFE07D189}.Release|Any CPU.ActiveCfg = Release|Any CPU
		{BE970C73-A140-4934-822D-9FDBFE07D189}.Release|Any CPU.Build.0 = Release|Any CPU
		{4ADC1EB1-CAAF-4E49-AA2D-F4A67BCB8D14}.Debug|Any CPU.ActiveCfg = Debug|Any CPU
		{4ADC1EB1-CAAF-4E49-AA2D-F4A67BCB8D14}.Debug|Any CPU.Build.0 = Debug|Any CPU
		{4ADC1EB1-CAAF-4E49-AA2D-F4A67BCB8D14}.Release|Any CPU.ActiveCfg = Release|Any CPU
		{4ADC1EB1-CAAF-4E49-AA2D-F4A67BCB8D14}.Release|Any CPU.Build.0 = Release|Any CPU
		{FEB3D872-801A-4DD2-8D4B-DDCF9D0620AB}.Debug|Any CPU.ActiveCfg = Debug|Any CPU
		{FEB3D872-801A-4DD2-8D4B-DDCF9D0620AB}.Debug|Any CPU.Build.0 = Debug|Any CPU
		{FEB3D872-801A-4DD2-8D4B-DDCF9D0620AB}.Release|Any CPU.ActiveCfg = Release|Any CPU
		{FEB3D872-801A-4DD2-8D4B-DDCF9D0620AB}.Release|Any CPU.Build.0 = Release|Any CPU
		{90A2F3CD-84AE-4E6F-91D7-006D905B7ABB}.Debug|Any CPU.ActiveCfg = Debug|Any CPU
		{90A2F3CD-84AE-4E6F-91D7-006D905B7ABB}.Debug|Any CPU.Build.0 = Debug|Any CPU
		{90A2F3CD-84AE-4E6F-91D7-006D905B7ABB}.Release|Any CPU.ActiveCfg = Release|Any CPU
		{90A2F3CD-84AE-4E6F-91D7-006D905B7ABB}.Release|Any CPU.Build.0 = Release|Any CPU
		{1E76CFC2-CF3B-428B-9997-ABE5B2B7A7CF}.Debug|Any CPU.ActiveCfg = Debug|Any CPU
		{1E76CFC2-CF3B-428B-9997-ABE5B2B7A7CF}.Debug|Any CPU.Build.0 = Debug|Any CPU
		{1E76CFC2-CF3B-428B-9997-ABE5B2B7A7CF}.Release|Any CPU.ActiveCfg = Release|Any CPU
		{1E76CFC2-CF3B-428B-9997-ABE5B2B7A7CF}.Release|Any CPU.Build.0 = Release|Any CPU
		{19DCBE68-B65E-4FB0-BA71-647CDFB78CA0}.Debug|Any CPU.ActiveCfg = Debug|Any CPU
		{19DCBE68-B65E-4FB0-BA71-647CDFB78CA0}.Debug|Any CPU.Build.0 = Debug|Any CPU
		{19DCBE68-B65E-4FB0-BA71-647CDFB78CA0}.Release|Any CPU.ActiveCfg = Release|Any CPU
		{19DCBE68-B65E-4FB0-BA71-647CDFB78CA0}.Release|Any CPU.Build.0 = Release|Any CPU
		{26A39829-D00F-4804-B0E1-757761DEFAFC}.Debug|Any CPU.ActiveCfg = Debug|Any CPU
		{26A39829-D00F-4804-B0E1-757761DEFAFC}.Debug|Any CPU.Build.0 = Debug|Any CPU
		{26A39829-D00F-4804-B0E1-757761DEFAFC}.Release|Any CPU.ActiveCfg = Release|Any CPU
		{26A39829-D00F-4804-B0E1-757761DEFAFC}.Release|Any CPU.Build.0 = Release|Any CPU
		{3DDFDF69-DDA7-4577-A66E-750B00ABBDEE}.Debug|Any CPU.ActiveCfg = Debug|Any CPU
		{3DDFDF69-DDA7-4577-A66E-750B00ABBDEE}.Debug|Any CPU.Build.0 = Debug|Any CPU
		{3DDFDF69-DDA7-4577-A66E-750B00ABBDEE}.Release|Any CPU.ActiveCfg = Release|Any CPU
		{3DDFDF69-DDA7-4577-A66E-750B00ABBDEE}.Release|Any CPU.Build.0 = Release|Any CPU
		{55F56FC2-580D-4DA7-A5BF-0C6CCDB856A8}.Debug|Any CPU.ActiveCfg = Debug|Any CPU
		{55F56FC2-580D-4DA7-A5BF-0C6CCDB856A8}.Debug|Any CPU.Build.0 = Debug|Any CPU
		{55F56FC2-580D-4DA7-A5BF-0C6CCDB856A8}.Release|Any CPU.ActiveCfg = Release|Any CPU
		{55F56FC2-580D-4DA7-A5BF-0C6CCDB856A8}.Release|Any CPU.Build.0 = Release|Any CPU
		{A59FDD53-7719-40D5-B74F-614BDC74C666}.Debug|Any CPU.ActiveCfg = Debug|Any CPU
		{A59FDD53-7719-40D5-B74F-614BDC74C666}.Debug|Any CPU.Build.0 = Debug|Any CPU
		{A59FDD53-7719-40D5-B74F-614BDC74C666}.Release|Any CPU.ActiveCfg = Release|Any CPU
		{A59FDD53-7719-40D5-B74F-614BDC74C666}.Release|Any CPU.Build.0 = Release|Any CPU
		{5912F2D3-DA4E-4117-8167-4A5443A028B4}.Debug|Any CPU.ActiveCfg = Debug|Any CPU
		{5912F2D3-DA4E-4117-8167-4A5443A028B4}.Debug|Any CPU.Build.0 = Debug|Any CPU
		{5912F2D3-DA4E-4117-8167-4A5443A028B4}.Release|Any CPU.ActiveCfg = Release|Any CPU
		{5912F2D3-DA4E-4117-8167-4A5443A028B4}.Release|Any CPU.Build.0 = Release|Any CPU
		{1D0EA3FB-C3DF-42FA-BB9F-CA83FD9E7126}.Debug|Any CPU.ActiveCfg = Debug|Any CPU
		{1D0EA3FB-C3DF-42FA-BB9F-CA83FD9E7126}.Debug|Any CPU.Build.0 = Debug|Any CPU
		{1D0EA3FB-C3DF-42FA-BB9F-CA83FD9E7126}.Release|Any CPU.ActiveCfg = Release|Any CPU
		{1D0EA3FB-C3DF-42FA-BB9F-CA83FD9E7126}.Release|Any CPU.Build.0 = Release|Any CPU
	EndGlobalSection
EndGlobal
